# This file is generated by running "yarn install" inside your project.
# Manual changes might be lost - proceed with caution!

__metadata:
  version: 4
  cacheKey: 7

"inkjs@npm:^1.11.0":
  version: 1.11.0
  resolution: "inkjs@npm:1.11.0"
  checksum: f7e6063694daea50bae54bc29ce3c85bc023a88a1e5ed820588b524ecd79497daafb5f5476994ebe1c520d16b7d81e268f350eca181655be2ebaf23ae148c437
  languageName: node
  linkType: hard

"multink@workspace:.":
  version: 0.0.0-use.local
  resolution: "multink@workspace:."
  dependencies:
    inkjs: ^1.11.0
  languageName: unknown
  linkType: soft
